
Microsoft Visual Studio Solution File, Format Version 12.00
# Visual Studio Version 17
VisualStudioVersion = 17.0.32002.185
MinimumVisualStudioVersion = 10.0.40219.1
Project("{FAE04EC0-301F-11D3-BF4B-00C04F79EFBC}") = "WeatherForecast", "WeatherForecast\WeatherForecast.csproj", "{BBA926AB-511C-4DA4-972C-38E94CB3FB8F}"
EndProject
Project("{FAE04EC0-301F-11D3-BF4B-00C04F79EFBC}") = "models", "models\models.csproj", "{D24ECF98-5511-45BA-9C94-24619D45FE1E}"
EndProject
Global
	GlobalSection(SolutionConfigurationPlatforms) = preSolution
		Debug|Any CPU = Debug|Any CPU
		Release|Any CPU = Release|Any CPU
	EndGlobalSection
	GlobalSection(ProjectConfigurationPlatforms) = postSolution
		{BBA926AB-511C-4DA4-972C-38E94CB3FB8F}.Debug|Any CPU.ActiveCfg = Debug|Any CPU
		{BBA926AB-511C-4DA4-972C-38E94CB3FB8F}.Debug|Any CPU.Build.0 = Debug|Any CPU
		{BBA926AB-511C-4DA4-972C-38E94CB3FB8F}.Release|Any CPU.ActiveCfg = Release|Any CPU
		{BBA926AB-511C-4DA4-972C-38E94CB3FB8F}.Release|Any CPU.Build.0 = Release|Any CPU
		{D24ECF98-5511-45BA-9C94-24619D45FE1E}.Debug|Any CPU.ActiveCfg = Debug|Any CPU
		{D24ECF98-5511-45BA-9C94-24619D45FE1E}.Debug|Any CPU.Build.0 = Debug|Any CPU
		{D24ECF98-5511-45BA-9C94-24619D45FE1E}.Release|Any CPU.ActiveCfg = Release|Any CPU
		{D24ECF98-5511-45BA-9C94-24619D45FE1E}.Release|Any CPU.Build.0 = Release|Any CPU
	EndGlobalSection
	GlobalSection(SolutionProperties) = preSolution
		HideSolutionNode = FALSE
	EndGlobalSection
	GlobalSection(ExtensibilityGlobals) = postSolution
		SolutionGuid = {B02BC28A-5DD1-4937-B014-02D1016C080F}
	EndGlobalSection
EndGlobal
