
Microsoft Visual Studio Solution File, Format Version 12.00
# Visual Studio Version 17
VisualStudioVersion = 17.0.32002.185
MinimumVisualStudioVersion = 10.0.40219.1
Project("{9A19103F-16F7-4668-BE54-9A1E7A4F7556}") = "weather.web", "weather.web\weather.web.csproj", "{D51D1855-ED84-4986-BA00-4B4E93DCAEAE}"
EndProject
Project("{9A19103F-16F7-4668-BE54-9A1E7A4F7556}") = "weather.domain", "weather.domain\weather.domain.csproj", "{6DD2178A-6D47-4EF4-BB12-18DBFFE8AB3B}"
EndProject
Project("{2150E333-8FDC-42A3-9474-1A3956D46DE8}") = "Solution Items", "Solution Items", "{FB12EC49-3473-4556-999A-C7A04601EE19}"
	ProjectSection(SolutionItems) = preProject
		.gitignore = .gitignore
		README.md = README.md
	EndProjectSection
EndProject
Project("{E53339B2-1760-4266-BCC7-CA923CBCF16C}") = "docker-compose", "docker-compose.dcproj", "{6D37653E-21C6-4C15-BC24-30CE23754C3B}"
EndProject
Project("{9A19103F-16F7-4668-BE54-9A1E7A4F7556}") = "weather.services", "weather.services\weather.services.csproj", "{69235C14-B3F7-474A-B922-EE9C5178AE37}"
EndProject
Project("{9A19103F-16F7-4668-BE54-9A1E7A4F7556}") = "weather.servicesTests", "weather.servicesTests\weather.servicesTests.csproj", "{D69205DE-1707-4278-8086-BC3817F0399D}"
EndProject
Project("{9A19103F-16F7-4668-BE54-9A1E7A4F7556}") = "weather.repository", "weather.repository\weather.repository.csproj", "{D5CB5D35-9C8B-48EB-8D7F-1CF14A6D0CCE}"
EndProject
Global
	GlobalSection(SolutionConfigurationPlatforms) = preSolution
		Debug|Any CPU = Debug|Any CPU
		Release|Any CPU = Release|Any CPU
	EndGlobalSection
	GlobalSection(ProjectConfigurationPlatforms) = postSolution
		{D51D1855-ED84-4986-BA00-4B4E93DCAEAE}.Debug|Any CPU.ActiveCfg = Debug|Any CPU
		{D51D1855-ED84-4986-BA00-4B4E93DCAEAE}.Debug|Any CPU.Build.0 = Debug|Any CPU
		{D51D1855-ED84-4986-BA00-4B4E93DCAEAE}.Release|Any CPU.ActiveCfg = Release|Any CPU
		{D51D1855-ED84-4986-BA00-4B4E93DCAEAE}.Release|Any CPU.Build.0 = Release|Any CPU
		{6DD2178A-6D47-4EF4-BB12-18DBFFE8AB3B}.Debug|Any CPU.ActiveCfg = Debug|Any CPU
		{6DD2178A-6D47-4EF4-BB12-18DBFFE8AB3B}.Debug|Any CPU.Build.0 = Debug|Any CPU
		{6DD2178A-6D47-4EF4-BB12-18DBFFE8AB3B}.Release|Any CPU.ActiveCfg = Release|Any CPU
		{6DD2178A-6D47-4EF4-BB12-18DBFFE8AB3B}.Release|Any CPU.Build.0 = Release|Any CPU
		{6D37653E-21C6-4C15-BC24-30CE23754C3B}.Debug|Any CPU.ActiveCfg = Debug|Any CPU
		{6D37653E-21C6-4C15-BC24-30CE23754C3B}.Debug|Any CPU.Build.0 = Debug|Any CPU
		{6D37653E-21C6-4C15-BC24-30CE23754C3B}.Release|Any CPU.ActiveCfg = Release|Any CPU
		{6D37653E-21C6-4C15-BC24-30CE23754C3B}.Release|Any CPU.Build.0 = Release|Any CPU
		{69235C14-B3F7-474A-B922-EE9C5178AE37}.Debug|Any CPU.ActiveCfg = Debug|Any CPU
		{69235C14-B3F7-474A-B922-EE9C5178AE37}.Debug|Any CPU.Build.0 = Debug|Any CPU
		{69235C14-B3F7-474A-B922-EE9C5178AE37}.Release|Any CPU.ActiveCfg = Release|Any CPU
		{69235C14-B3F7-474A-B922-EE9C5178AE37}.Release|Any CPU.Build.0 = Release|Any CPU
		{D69205DE-1707-4278-8086-BC3817F0399D}.Debug|Any CPU.ActiveCfg = Debug|Any CPU
		{D69205DE-1707-4278-8086-BC3817F0399D}.Debug|Any CPU.Build.0 = Debug|Any CPU
		{D69205DE-1707-4278-8086-BC3817F0399D}.Release|Any CPU.ActiveCfg = Release|Any CPU
		{D69205DE-1707-4278-8086-BC3817F0399D}.Release|Any CPU.Build.0 = Release|Any CPU
		{D5CB5D35-9C8B-48EB-8D7F-1CF14A6D0CCE}.Debug|Any CPU.ActiveCfg = Debug|Any CPU
		{D5CB5D35-9C8B-48EB-8D7F-1CF14A6D0CCE}.Debug|Any CPU.Build.0 = Debug|Any CPU
		{D5CB5D35-9C8B-48EB-8D7F-1CF14A6D0CCE}.Release|Any CPU.ActiveCfg = Release|Any CPU
		{D5CB5D35-9C8B-48EB-8D7F-1CF14A6D0CCE}.Release|Any CPU.Build.0 = Release|Any CPU
	EndGlobalSection
	GlobalSection(SolutionProperties) = preSolution
		HideSolutionNode = FALSE
	EndGlobalSection
	GlobalSection(ExtensibilityGlobals) = postSolution
		SolutionGuid = {B02BC28A-5DD1-4937-B014-02D1016C080F}
	EndGlobalSection
EndGlobal
